speakeasyVersion: 1.658.2
sources:
    swov1:
        sourceNamespace: solar-winds-observability
        sourceRevisionDigest: sha256:aaed865b129922db604df35d741b513775d31f157434b7c38f2523d21bf38ed5
        sourceBlobDigest: sha256:f3e57ec4e7c43d7a2dc68a08623627c2fc4ba990473eb04a6357df6f40a0f5e6
        tags:
            - latest
            - speakeasy-sdk-regen-1762993225
            - 1.0.12
targets:
    swov1:
        source: swov1
        sourceNamespace: solar-winds-observability
        sourceRevisionDigest: sha256:aaed865b129922db604df35d741b513775d31f157434b7c38f2523d21bf38ed5
        sourceBlobDigest: sha256:f3e57ec4e7c43d7a2dc68a08623627c2fc4ba990473eb04a6357df6f40a0f5e6
        codeSamplesNamespace: solar-winds-observability-go-code-samples
        codeSamplesRevisionDigest: sha256:26024f0a989a06b78f43b94f53e229544980bbc0fd777a1cd814c084642bf9e6
workflow:
    workflowVersion: 1.0.0
    speakeasyVersion: latest
    sources:
        swov1:
            inputs:
                - location: https://api.na-01.cloud.solarwinds.com/v1/openapi.json
            overlays:
                - location: swov1/.speakeasy/overlays/auth.yaml
            registry:
                location: registry.speakeasyapi.dev/swo/swo/solar-winds-observability
    targets:
        swov1:
            target: go
            source: swov1
            output: swov1
            codeSamples:
                registry:
                    location: registry.speakeasyapi.dev/swo/swo/solar-winds-observability-go-code-samples
                labelOverride:
                    fixedValue: Go (SDK)
                blocking: false
            testing:
                enabled: true
