speakeasyVersion: 1.586.0
sources:
    swov1:
        sourceNamespace: solar-winds-observability
        sourceRevisionDigest: sha256:c649135e8a61700835f2cb8475b2d7d4e58ae9f516e7db2ac3d5dbf91aaf2013
        sourceBlobDigest: sha256:04766a81a8b257ee0edfee5efdc88bc170a86e1699b6c08dff65bc675345eba9
        tags:
            - latest
            - 1.0.9
targets:
    swov1:
        source: swov1
        sourceNamespace: solar-winds-observability
        sourceRevisionDigest: sha256:c649135e8a61700835f2cb8475b2d7d4e58ae9f516e7db2ac3d5dbf91aaf2013
        sourceBlobDigest: sha256:04766a81a8b257ee0edfee5efdc88bc170a86e1699b6c08dff65bc675345eba9
        codeSamplesNamespace: solar-winds-observability-go-code-samples
        codeSamplesRevisionDigest: sha256:e0a46dad9692be7a71aaddae92ec9760eb99f3b9c81ee658d16a95c9057cfd8b
workflow:
    workflowVersion: 1.0.0
    speakeasyVersion: latest
    sources:
        swov1:
            inputs:
                - location: https://api.na-01.cloud.solarwinds.com/v1/openapi.json
            overlays:
                - location: swov1/.speakeasy/overlays/auth.yaml
            registry:
                location: registry.speakeasyapi.dev/swo/swo/solar-winds-observability
    targets:
        swov1:
            target: go
            source: swov1
            output: swov1
            codeSamples:
                registry:
                    location: registry.speakeasyapi.dev/swo/swo/solar-winds-observability-go-code-samples
                labelOverride:
                    fixedValue: Go (SDK)
                blocking: false
            testing:
                enabled: true
