speakeasyVersion: 1.800.1
sources:
    swov1:
        sourceNamespace: solar-winds-observability
        sourceRevisionDigest: sha256:6a45213f631b56745fda4cbc9df5c6b97c16871f4e263d99b1b7a1d98363dd53
        sourceBlobDigest: sha256:0fb532c12571c631e05e089683de9da672de223f5b225c18991a4bd02adc2a38
        tags:
            - latest
            - 1.0.19
targets:
    swov1:
        source: swov1
        sourceNamespace: solar-winds-observability
        sourceRevisionDigest: sha256:6a45213f631b56745fda4cbc9df5c6b97c16871f4e263d99b1b7a1d98363dd53
        sourceBlobDigest: sha256:0fb532c12571c631e05e089683de9da672de223f5b225c18991a4bd02adc2a38
        codeSamplesNamespace: solar-winds-observability-go-code-samples
        codeSamplesRevisionDigest: sha256:b3225fed6f33f6041732b9f6b5638b7618430b9105dd5f4d01235093909425ed
workflow:
    workflowVersion: 1.0.0
    speakeasyVersion: latest
    sources:
        swov1:
            inputs:
                - location: https://api.na-01.cloud.solarwinds.com/v1/openapi.json
            overlays:
                - location: swov1/.speakeasy/overlays/auth.yaml
            registry:
                location: registry.speakeasyapi.dev/swo/swo/solar-winds-observability
    targets:
        swov1:
            target: go
            source: swov1
            output: swov1
            codeSamples:
                registry:
                    location: registry.speakeasyapi.dev/swo/swo/solar-winds-observability-go-code-samples
                labelOverride:
                    fixedValue: Go (SDK)
                blocking: false
            testing:
                enabled: true
